// !$*UTF8*$!
{
	archiveVersion = 1;
	classes = {
	};
	objectVersion = 52;
	objects = {

/* Begin PBXBuildFile section */
		0D44E9BB2696599500697753 /* MainView.swift in Sources */ = {isa = PBXBuildFile; fileRef = 0D44E9BA2696599500697753 /* MainView.swift */; };
		8B6C722D26951D4D004A34A3 /* AppDelegate.swift in Sources */ = {isa = PBXBuildFile; fileRef = 8B6C722C26951D4D004A34A3 /* AppDelegate.swift */; };
		8B6C722F26951D4D004A34A3 /* SceneDelegate.swift in Sources */ = {isa = PBXBuildFile; fileRef = 8B6C722E26951D4D004A34A3 /* SceneDelegate.swift */; };
		8B6C723126951D4D004A34A3 /* LoginView.swift in Sources */ = {isa = PBXBuildFile; fileRef = 8B6C723026951D4D004A34A3 /* LoginView.swift */; };
		8B6C723326951D4D004A34A3 /* Assets.xcassets in Resources */ = {isa = PBXBuildFile; fileRef = 8B6C723226951D4D004A34A3 /* Assets.xcassets */; };
		8B6C723626951D4D004A34A3 /* Preview Assets.xcassets in Resources */ = {isa = PBXBuildFile; fileRef = 8B6C723526951D4D004A34A3 /* Preview Assets.xcassets */; };
		8B6C723926951D4D004A34A3 /* LaunchScreen.storyboard in Resources */ = {isa = PBXBuildFile; fileRef = 8B6C723726951D4D004A34A3 /* LaunchScreen.storyboard */; };
		8BB3401226967ECA00AEE389 /* AlertToast in Frameworks */ = {isa = PBXBuildFile; productRef = 8BB3401126967ECA00AEE389 /* AlertToast */; };
		8BB34018269747F700AEE389 /* Montserrat-Regular.ttf in Resources */ = {isa = PBXBuildFile; fileRef = 8BB34015269747F700AEE389 /* Montserrat-Regular.ttf */; };
		8BB34019269747F700AEE389 /* Montserrat-Bold.ttf in Resources */ = {isa = PBXBuildFile; fileRef = 8BB34016269747F700AEE389 /* Montserrat-Bold.ttf */; };
		8BB3401A269747F800AEE389 /* Montserrat-Light.ttf in Resources */ = {isa = PBXBuildFile; fileRef = 8BB34017269747F700AEE389 /* Montserrat-Light.ttf */; };
/* End PBXBuildFile section */

/* Begin PBXFileReference section */
		0D44E9BA2696599500697753 /* MainView.swift */ = {isa = PBXFileReference; lastKnownFileType = sourcecode.swift; path = MainView.swift; sourceTree = "<group>"; };
		8B6C722926951D4D004A34A3 /* dVox.app */ = {isa = PBXFileReference; explicitFileType = wrapper.application; includeInIndex = 0; path = dVox.app; sourceTree = BUILT_PRODUCTS_DIR; };
		8B6C722C26951D4D004A34A3 /* AppDelegate.swift */ = {isa = PBXFileReference; lastKnownFileType = sourcecode.swift; path = AppDelegate.swift; sourceTree = "<group>"; };
		8B6C722E26951D4D004A34A3 /* SceneDelegate.swift */ = {isa = PBXFileReference; lastKnownFileType = sourcecode.swift; path = SceneDelegate.swift; sourceTree = "<group>"; };
		8B6C723026951D4D004A34A3 /* LoginView.swift */ = {isa = PBXFileReference; lastKnownFileType = sourcecode.swift; path = LoginView.swift; sourceTree = "<group>"; tabWidth = 8; usesTabs = 0; };
		8B6C723226951D4D004A34A3 /* Assets.xcassets */ = {isa = PBXFileReference; lastKnownFileType = folder.assetcatalog; path = Assets.xcassets; sourceTree = "<group>"; };
		8B6C723526951D4D004A34A3 /* Preview Assets.xcassets */ = {isa = PBXFileReference; lastKnownFileType = folder.assetcatalog; path = "Preview Assets.xcassets"; sourceTree = "<group>"; };
		8B6C723826951D4D004A34A3 /* Base */ = {isa = PBXFileReference; lastKnownFileType = file.storyboard; name = Base; path = Base.lproj/LaunchScreen.storyboard; sourceTree = "<group>"; };
		8B6C723A26951D4D004A34A3 /* Info.plist */ = {isa = PBXFileReference; lastKnownFileType = text.plist.xml; path = Info.plist; sourceTree = "<group>"; };
		8BB34015269747F700AEE389 /* Montserrat-Regular.ttf */ = {isa = PBXFileReference; lastKnownFileType = file; path = "Montserrat-Regular.ttf"; sourceTree = "<group>"; };
		8BB34016269747F700AEE389 /* Montserrat-Bold.ttf */ = {isa = PBXFileReference; lastKnownFileType = file; path = "Montserrat-Bold.ttf"; sourceTree = "<group>"; };
		8BB34017269747F700AEE389 /* Montserrat-Light.ttf */ = {isa = PBXFileReference; lastKnownFileType = file; path = "Montserrat-Light.ttf"; sourceTree = "<group>"; };
/* End PBXFileReference section */

/* Begin PBXFrameworksBuildPhase section */
		8B6C722626951D4D004A34A3 /* Frameworks */ = {
			isa = PBXFrameworksBuildPhase;
			buildActionMask = 2147483647;
			files = (
				8BB3401226967ECA00AEE389 /* AlertToast in Frameworks */,
			);
			runOnlyForDeploymentPostprocessing = 0;
		};
/* End PBXFrameworksBuildPhase section */

/* Begin PBXGroup section */
		8B6C722026951D4D004A34A3 = {
			isa = PBXGroup;
			children = (
				8B6C722B26951D4D004A34A3 /* dVox */,
				8B6C722A26951D4D004A34A3 /* Products */,
			);
			sourceTree = "<group>";
		};
		8B6C722A26951D4D004A34A3 /* Products */ = {
			isa = PBXGroup;
			children = (
				8B6C722926951D4D004A34A3 /* dVox.app */,
			);
			name = Products;
			sourceTree = "<group>";
		};
		8B6C722B26951D4D004A34A3 /* dVox */ = {
			isa = PBXGroup;
			children = (
				8BB34017269747F700AEE389 /* Montserrat-Light.ttf */,
				8BB34013269686FB00AEE389 /* Assets */,
				8B6C722C26951D4D004A34A3 /* AppDelegate.swift */,
				8B6C722E26951D4D004A34A3 /* SceneDelegate.swift */,
				8B6C723026951D4D004A34A3 /* LoginView.swift */,
				0D44E9BA2696599500697753 /* MainView.swift */,
				8B6C723226951D4D004A34A3 /* Assets.xcassets */,
				8B6C723726951D4D004A34A3 /* LaunchScreen.storyboard */,
				8B6C723A26951D4D004A34A3 /* Info.plist */,
				8B6C723426951D4D004A34A3 /* Preview Content */,
			);
			path = dVox;
			sourceTree = "<group>";
		};
		8B6C723426951D4D004A34A3 /* Preview Content */ = {
			isa = PBXGroup;
			children = (
				8B6C723526951D4D004A34A3 /* Preview Assets.xcassets */,
			);
			path = "Preview Content";
			sourceTree = "<group>";
		};
		8BB34013269686FB00AEE389 /* Assets */ = {
			isa = PBXGroup;
			children = (
				8BB34014269747A600AEE389 /* Fonts */,
			);
			path = Assets;
			sourceTree = "<group>";
		};
		8BB34014269747A600AEE389 /* Fonts */ = {
			isa = PBXGroup;
			children = (
				8BB34016269747F700AEE389 /* Montserrat-Bold.ttf */,
				8BB34015269747F700AEE389 /* Montserrat-Regular.ttf */,
			);
			path = Fonts;
			sourceTree = "<group>";
		};
/* End PBXGroup section */

/* Begin PBXNativeTarget section */
		8B6C722826951D4D004A34A3 /* dVox */ = {
			isa = PBXNativeTarget;
			buildConfigurationList = 8B6C723D26951D4D004A34A3 /* Build configuration list for PBXNativeTarget "dVox" */;
			buildPhases = (
				8B6C722526951D4D004A34A3 /* Sources */,
				8B6C722626951D4D004A34A3 /* Frameworks */,
				8B6C722726951D4D004A34A3 /* Resources */,
			);
			buildRules = (
			);
			dependencies = (
			);
			name = dVox;
			packageProductDependencies = (
				8BB3401126967ECA00AEE389 /* AlertToast */,
			);
			productName = dVox;
			productReference = 8B6C722926951D4D004A34A3 /* dVox.app */;
			productType = "com.apple.product-type.application";
		};
/* End PBXNativeTarget section */

/* Begin PBXProject section */
		8B6C722126951D4D004A34A3 /* Project object */ = {
			isa = PBXProject;
			attributes = {
				LastSwiftUpdateCheck = 1250;
				LastUpgradeCheck = 1250;
				TargetAttributes = {
					8B6C722826951D4D004A34A3 = {
						CreatedOnToolsVersion = 12.5.1;
					};
				};
			};
			buildConfigurationList = 8B6C722426951D4D004A34A3 /* Build configuration list for PBXProject "dVox" */;
			compatibilityVersion = "Xcode 9.3";
			developmentRegion = en;
			hasScannedForEncodings = 0;
			knownRegions = (
				en,
				Base,
			);
			mainGroup = 8B6C722026951D4D004A34A3;
			packageReferences = (
				8BB3401026967ECA00AEE389 /* XCRemoteSwiftPackageReference "AlertToast" */,
			);
			productRefGroup = 8B6C722A26951D4D004A34A3 /* Products */;
			projectDirPath = "";
			projectRoot = "";
			targets = (
				8B6C722826951D4D004A34A3 /* dVox */,
			);
		};
/* End PBXProject section */

/* Begin PBXResourcesBuildPhase section */
		8B6C722726951D4D004A34A3 /* Resources */ = {
			isa = PBXResourcesBuildPhase;
			buildActionMask = 2147483647;
			files = (
				8BB3401A269747F800AEE389 /* Montserrat-Light.ttf in Resources */,
				8BB34019269747F700AEE389 /* Montserrat-Bold.ttf in Resources */,
				8BB34018269747F700AEE389 /* Montserrat-Regular.ttf in Resources */,
				8B6C723926951D4D004A34A3 /* LaunchScreen.storyboard in Resources */,
				8B6C723626951D4D004A34A3 /* Preview Assets.xcassets in Resources */,
				8B6C723326951D4D004A34A3 /* Assets.xcassets in Resources */,
			);
			runOnlyForDeploymentPostprocessing = 0;
		};
/* End PBXResourcesBuildPhase section */

/* Begin PBXSourcesBuildPhase section */
		8B6C722526951D4D004A34A3 /* Sources */ = {
			isa = PBXSourcesBuildPhase;
			buildActionMask = 2147483647;
			files = (
				8B6C722D26951D4D004A34A3 /* AppDelegate.swift in Sources */,
				0D44E9BB2696599500697753 /* MainView.swift in Sources */,
				8B6C722F26951D4D004A34A3 /* SceneDelegate.swift in Sources */,
				8B6C723126951D4D004A34A3 /* LoginView.swift in Sources */,
			);
			runOnlyForDeploymentPostprocessing = 0;
		};
/* End PBXSourcesBuildPhase section */

/* Begin PBXVariantGroup section */
		8B6C723726951D4D004A34A3 /* LaunchScreen.storyboard */ = {
			isa = PBXVariantGroup;
			children = (
				8B6C723826951D4D004A34A3 /* Base */,
			);
			name = LaunchScreen.storyboard;
			sourceTree = "<group>";
		};
/* End PBXVariantGroup section */

/* Begin XCBuildConfiguration section */
		8B6C723B26951D4D004A34A3 /* Debug */ = {
			isa = XCBuildConfiguration;
			buildSettings = {
				ALWAYS_SEARCH_USER_PATHS = NO;
				CLANG_ANALYZER_NONNULL = YES;
				CLANG_ANALYZER_NUMBER_OBJECT_CONVERSION = YES_AGGRESSIVE;
				CLANG_CXX_LANGUAGE_STANDARD = "gnu++14";
				CLANG_CXX_LIBRARY = "libc++";
				CLANG_ENABLE_MODULES = YES;
				CLANG_ENABLE_OBJC_ARC = YES;
				CLANG_ENABLE_OBJC_WEAK = YES;
				CLANG_WARN_BLOCK_CAPTURE_AUTORELEASING = YES;
				CLANG_WARN_BOOL_CONVERSION = YES;
				CLANG_WARN_COMMA = YES;
				CLANG_WARN_CONSTANT_CONVERSION = YES;
				CLANG_WARN_DEPRECATED_OBJC_IMPLEMENTATIONS = YES;
				CLANG_WARN_DIRECT_OBJC_ISA_USAGE = YES_ERROR;
				CLANG_WARN_DOCUMENTATION_COMMENTS = YES;
				CLANG_WARN_EMPTY_BODY = YES;
				CLANG_WARN_ENUM_CONVERSION = YES;
				CLANG_WARN_INFINITE_RECURSION = YES;
				CLANG_WARN_INT_CONVERSION = YES;
				CLANG_WARN_NON_LITERAL_NULL_CONVERSION = YES;
				CLANG_WARN_OBJC_IMPLICIT_RETAIN_SELF = YES;
				CLANG_WARN_OBJC_LITERAL_CONVERSION = YES;
				CLANG_WARN_OBJC_ROOT_CLASS = YES_ERROR;
				CLANG_WARN_QUOTED_INCLUDE_IN_FRAMEWORK_HEADER = YES;
				CLANG_WARN_RANGE_LOOP_ANALYSIS = YES;
				CLANG_WARN_STRICT_PROTOTYPES = YES;
				CLANG_WARN_SUSPICIOUS_MOVE = YES;
				CLANG_WARN_UNGUARDED_AVAILABILITY = YES_AGGRESSIVE;
				CLANG_WARN_UNREACHABLE_CODE = YES;
				CLANG_WARN__DUPLICATE_METHOD_MATCH = YES;
				COPY_PHASE_STRIP = NO;
				DEBUG_INFORMATION_FORMAT = dwarf;
				ENABLE_STRICT_OBJC_MSGSEND = YES;
				ENABLE_TESTABILITY = YES;
				GCC_C_LANGUAGE_STANDARD = gnu11;
				GCC_DYNAMIC_NO_PIC = NO;
				GCC_NO_COMMON_BLOCKS = YES;
				GCC_OPTIMIZATION_LEVEL = 0;
				GCC_PREPROCESSOR_DEFINITIONS = (
					"DEBUG=1",
					"$(inherited)",
				);
				GCC_WARN_64_TO_32_BIT_CONVERSION = YES;
				GCC_WARN_ABOUT_RETURN_TYPE = YES_ERROR;
				GCC_WARN_UNDECLARED_SELECTOR = YES;
				GCC_WARN_UNINITIALIZED_AUTOS = YES_AGGRESSIVE;
				GCC_WARN_UNUSED_FUNCTION = YES;
				GCC_WARN_UNUSED_VARIABLE = YES;
				IPHONEOS_DEPLOYMENT_TARGET = 14.5;
				MTL_ENABLE_DEBUG_INFO = INCLUDE_SOURCE;
				MTL_FAST_MATH = YES;
				ONLY_ACTIVE_ARCH = YES;
				SDKROOT = iphoneos;
				SWIFT_ACTIVE_COMPILATION_CONDITIONS = DEBUG;
				SWIFT_OPTIMIZATION_LEVEL = "-Onone";
			};
			name = Debug;
		};
		8B6C723C26951D4D004A34A3 /* Release */ = {
			isa = XCBuildConfiguration;
			buildSettings = {
				ALWAYS_SEARCH_USER_PATHS = NO;
				CLANG_ANALYZER_NONNULL = YES;
				CLANG_ANALYZER_NUMBER_OBJECT_CONVERSION = YES_AGGRESSIVE;
				CLANG_CXX_LANGUAGE_STANDARD = "gnu++14";
				CLANG_CXX_LIBRARY = "libc++";
				CLANG_ENABLE_MODULES = YES;
				CLANG_ENABLE_OBJC_ARC = YES;
				CLANG_ENABLE_OBJC_WEAK = YES;
				CLANG_WARN_BLOCK_CAPTURE_AUTORELEASING = YES;
				CLANG_WARN_BOOL_CONVERSION = YES;
				CLANG_WARN_COMMA = YES;
				CLANG_WARN_CONSTANT_CONVERSION = YES;
				CLANG_WARN_DEPRECATED_OBJC_IMPLEMENTATIONS = YES;
				CLANG_WARN_DIRECT_OBJC_ISA_USAGE = YES_ERROR;
				CLANG_WARN_DOCUMENTATION_COMMENTS = YES;
				CLANG_WARN_EMPTY_BODY = YES;
				CLANG_WARN_ENUM_CONVERSION = YES;
				CLANG_WARN_INFINITE_RECURSION = YES;
				CLANG_WARN_INT_CONVERSION = YES;
				CLANG_WARN_NON_LITERAL_NULL_CONVERSION = YES;
				CLANG_WARN_OBJC_IMPLICIT_RETAIN_SELF = YES;
				CLANG_WARN_OBJC_LITERAL_CONVERSION = YES;
				CLANG_WARN_OBJC_ROOT_CLASS = YES_ERROR;
				CLANG_WARN_QUOTED_INCLUDE_IN_FRAMEWORK_HEADER = YES;
				CLANG_WARN_RANGE_LOOP_ANALYSIS = YES;
				CLANG_WARN_STRICT_PROTOTYPES = YES;
				CLANG_WARN_SUSPICIOUS_MOVE = YES;
				CLANG_WARN_UNGUARDED_AVAILABILITY = YES_AGGRESSIVE;
				CLANG_WARN_UNREACHABLE_CODE = YES;
				CLANG_WARN__DUPLICATE_METHOD_MATCH = YES;
				COPY_PHASE_STRIP = NO;
				DEBUG_INFORMATION_FORMAT = "dwarf-with-dsym";
				ENABLE_NS_ASSERTIONS = NO;
				ENABLE_STRICT_OBJC_MSGSEND = YES;
				GCC_C_LANGUAGE_STANDARD = gnu11;
				GCC_NO_COMMON_BLOCKS = YES;
				GCC_WARN_64_TO_32_BIT_CONVERSION = YES;
				GCC_WARN_ABOUT_RETURN_TYPE = YES_ERROR;
				GCC_WARN_UNDECLARED_SELECTOR = YES;
				GCC_WARN_UNINITIALIZED_AUTOS = YES_AGGRESSIVE;
				GCC_WARN_UNUSED_FUNCTION = YES;
				GCC_WARN_UNUSED_VARIABLE = YES;
				IPHONEOS_DEPLOYMENT_TARGET = 14.5;
				MTL_ENABLE_DEBUG_INFO = NO;
				MTL_FAST_MATH = YES;
				SDKROOT = iphoneos;
				SWIFT_COMPILATION_MODE = wholemodule;
				SWIFT_OPTIMIZATION_LEVEL = "-O";
				VALIDATE_PRODUCT = YES;
			};
			name = Release;
		};
		8B6C723E26951D4D004A34A3 /* Debug */ = {
			isa = XCBuildConfiguration;
			buildSettings = {
				ASSETCATALOG_COMPILER_APPICON_NAME = AppIcon;
				ASSETCATALOG_COMPILER_GLOBAL_ACCENT_COLOR_NAME = AccentColor;
				CODE_SIGN_STYLE = Automatic;
				DEVELOPMENT_ASSET_PATHS = "\"dVox/Preview Content\"";
				DEVELOPMENT_TEAM = K777AQV6FQ;
				ENABLE_PREVIEWS = YES;
				INFOPLIST_FILE = dVox/Info.plist;
				LD_RUNPATH_SEARCH_PATHS = (
					"$(inherited)",
					"@executable_path/Frameworks",
				);
				PRODUCT_BUNDLE_IDENTIFIER = dpearth.dVox;
				PRODUCT_NAME = "$(TARGET_NAME)";
				SWIFT_VERSION = 5.0;
				TARGETED_DEVICE_FAMILY = "1,2";
			};
			name = Debug;
		};
		8B6C723F26951D4D004A34A3 /* Release */ = {
			isa = XCBuildConfiguration;
			buildSettings = {
				ASSETCATALOG_COMPILER_APPICON_NAME = AppIcon;
				ASSETCATALOG_COMPILER_GLOBAL_ACCENT_COLOR_NAME = AccentColor;
				CODE_SIGN_STYLE = Automatic;
				DEVELOPMENT_ASSET_PATHS = "\"dVox/Preview Content\"";
				DEVELOPMENT_TEAM = K777AQV6FQ;
				ENABLE_PREVIEWS = YES;
				INFOPLIST_FILE = dVox/Info.plist;
				LD_RUNPATH_SEARCH_PATHS = (
					"$(inherited)",
					"@executable_path/Frameworks",
				);
				PRODUCT_BUNDLE_IDENTIFIER = dpearth.dVox;
				PRODUCT_NAME = "$(TARGET_NAME)";
				SWIFT_VERSION = 5.0;
				TARGETED_DEVICE_FAMILY = "1,2";
			};
			name = Release;
		};
/* End XCBuildConfiguration section */

/* Begin XCConfigurationList section */
		8B6C722426951D4D004A34A3 /* Build configuration list for PBXProject "dVox" */ = {
			isa = XCConfigurationList;
			buildConfigurations = (
				8B6C723B26951D4D004A34A3 /* Debug */,
				8B6C723C26951D4D004A34A3 /* Release */,
			);
			defaultConfigurationIsVisible = 0;
			defaultConfigurationName = Release;
		};
		8B6C723D26951D4D004A34A3 /* Build configuration list for PBXNativeTarget "dVox" */ = {
			isa = XCConfigurationList;
			buildConfigurations = (
				8B6C723E26951D4D004A34A3 /* Debug */,
				8B6C723F26951D4D004A34A3 /* Release */,
			);
			defaultConfigurationIsVisible = 0;
			defaultConfigurationName = Release;
		};
/* End XCConfigurationList section */

/* Begin XCRemoteSwiftPackageReference section */
		8BB3401026967ECA00AEE389 /* XCRemoteSwiftPackageReference "AlertToast" */ = {
			isa = XCRemoteSwiftPackageReference;
			repositoryURL = "https://github.com/elai950/AlertToast.git";
			requirement = {
				branch = master;
				kind = branch;
			};
		};
/* End XCRemoteSwiftPackageReference section */

/* Begin XCSwiftPackageProductDependency section */
		8BB3401126967ECA00AEE389 /* AlertToast */ = {
			isa = XCSwiftPackageProductDependency;
			package = 8BB3401026967ECA00AEE389 /* XCRemoteSwiftPackageReference "AlertToast" */;
			productName = AlertToast;
		};
/* End XCSwiftPackageProductDependency section */
	};
	rootObject = 8B6C722126951D4D004A34A3 /* Project object */;
}
